
Microsoft Visual Studio Solution File, Format Version 12.00
# Visual Studio 14
VisualStudioVersion = 14.0.25420.1
MinimumVisualStudioVersion = 10.0.40219.1
Project("{FAE04EC0-301F-11D3-BF4B-00C04F79EFBC}") = "StorageAsp", "StorageAsp\StorageAsp.csproj", "{FE5790F6-9CFE-4010-B4E2-3A3C7B9ECFD5}"
EndProject
Global
	GlobalSection(SolutionConfigurationPlatforms) = preSolution
		Debug|Any CPU = Debug|Any CPU
		Release|Any CPU = Release|Any CPU
	EndGlobalSection
	GlobalSection(ProjectConfigurationPlatforms) = postSolution
		{FE5790F6-9CFE-4010-B4E2-3A3C7B9ECFD5}.Debug|Any CPU.ActiveCfg = Debug|Any CPU
		{FE5790F6-9CFE-4010-B4E2-3A3C7B9ECFD5}.Debug|Any CPU.Build.0 = Debug|Any CPU
		{FE5790F6-9CFE-4010-B4E2-3A3C7B9ECFD5}.Release|Any CPU.ActiveCfg = Release|Any CPU
		{FE5790F6-9CFE-4010-B4E2-3A3C7B9ECFD5}.Release|Any CPU.Build.0 = Release|Any CPU
	EndGlobalSection
	GlobalSection(SolutionProperties) = preSolution
		HideSolutionNode = FALSE
	EndGlobalSection
EndGlobal
